
Microsoft Visual Studio Solution File, Format Version 12.00
Project("{FAE04EC0-301F-11D3-BF4B-00C04F79EFBC}") = "wfapi", "wfapi\wfapi.csproj", "{D89E5639-F703-4C43-BAD5-0FBA1E64C700}"
	ProjectSection(ProjectDependencies) = postProject
		{E9823779-0D3C-46E2-9FEA-71150A71D28A} = {E9823779-0D3C-46E2-9FEA-71150A71D28A}
	EndProjectSection
EndProject
Project("{FAE04EC0-301F-11D3-BF4B-00C04F79EFBC}") = "Org.OpenAPITools", "argo-server-client\src\Org.OpenAPITools\Org.OpenAPITools.csproj", "{E9823779-0D3C-46E2-9FEA-71150A71D28A}"
EndProject
Project("{FAE04EC0-301F-11D3-BF4B-00C04F79EFBC}") = "Org.OpenAPITools.Test", "argo-server-client\src\Org.OpenAPITools.Test\Org.OpenAPITools.Test.csproj", "{0C647057-1D7C-4567-8FAF-3CB42F51CD48}"
EndProject
Project("{FAE04EC0-301F-11D3-BF4B-00C04F79EFBC}") = "wfapi.E2ETests", "wfapi.E2ETests\wfapi.E2ETests.csproj", "{63CBB741-68DA-4529-8A7C-F849D8E5E43D}"
EndProject
Global
	GlobalSection(SolutionConfigurationPlatforms) = preSolution
		Debug|Any CPU = Debug|Any CPU
		Release|Any CPU = Release|Any CPU
	EndGlobalSection
	GlobalSection(ProjectConfigurationPlatforms) = postSolution
		{D89E5639-F703-4C43-BAD5-0FBA1E64C700}.Debug|Any CPU.ActiveCfg = Debug|Any CPU
		{D89E5639-F703-4C43-BAD5-0FBA1E64C700}.Debug|Any CPU.Build.0 = Debug|Any CPU
		{D89E5639-F703-4C43-BAD5-0FBA1E64C700}.Release|Any CPU.ActiveCfg = Release|Any CPU
		{D89E5639-F703-4C43-BAD5-0FBA1E64C700}.Release|Any CPU.Build.0 = Release|Any CPU
		{E9823779-0D3C-46E2-9FEA-71150A71D28A}.Debug|Any CPU.ActiveCfg = Debug|Any CPU
		{E9823779-0D3C-46E2-9FEA-71150A71D28A}.Debug|Any CPU.Build.0 = Debug|Any CPU
		{E9823779-0D3C-46E2-9FEA-71150A71D28A}.Release|Any CPU.ActiveCfg = Release|Any CPU
		{E9823779-0D3C-46E2-9FEA-71150A71D28A}.Release|Any CPU.Build.0 = Release|Any CPU
		{0C647057-1D7C-4567-8FAF-3CB42F51CD48}.Debug|Any CPU.ActiveCfg = Debug|Any CPU
		{0C647057-1D7C-4567-8FAF-3CB42F51CD48}.Debug|Any CPU.Build.0 = Debug|Any CPU
		{0C647057-1D7C-4567-8FAF-3CB42F51CD48}.Release|Any CPU.ActiveCfg = Release|Any CPU
		{0C647057-1D7C-4567-8FAF-3CB42F51CD48}.Release|Any CPU.Build.0 = Release|Any CPU
		{63CBB741-68DA-4529-8A7C-F849D8E5E43D}.Debug|Any CPU.ActiveCfg = Debug|Any CPU
		{63CBB741-68DA-4529-8A7C-F849D8E5E43D}.Debug|Any CPU.Build.0 = Debug|Any CPU
		{63CBB741-68DA-4529-8A7C-F849D8E5E43D}.Release|Any CPU.ActiveCfg = Release|Any CPU
		{63CBB741-68DA-4529-8A7C-F849D8E5E43D}.Release|Any CPU.Build.0 = Release|Any CPU
	EndGlobalSection
EndGlobal
